// !$*UTF8*$!
{
	archiveVersion = 1;
	classes = {
	};
	objectVersion = 46;
	objects = {

/* Begin PBXBuildFile section */
		D0CE4B0B1938E16900BAFD33 /* Foundation.framework in Frameworks */ = {isa = PBXBuildFile; fileRef = D0CE4B0A1938E16900BAFD33 /* Foundation.framework */; };
		D0CE4B0D1938E16900BAFD33 /* CoreGraphics.framework in Frameworks */ = {isa = PBXBuildFile; fileRef = D0CE4B0C1938E16900BAFD33 /* CoreGraphics.framework */; };
		D0CE4B0F1938E16900BAFD33 /* UIKit.framework in Frameworks */ = {isa = PBXBuildFile; fileRef = D0CE4B0E1938E16900BAFD33 /* UIKit.framework */; };
		D0CE4B151938E16900BAFD33 /* InfoPlist.strings in Resources */ = {isa = PBXBuildFile; fileRef = D0CE4B131938E16900BAFD33 /* InfoPlist.strings */; };
		D0CE4B171938E16900BAFD33 /* main.m in Sources */ = {isa = PBXBuildFile; fileRef = D0CE4B161938E16900BAFD33 /* main.m */; };
		D0CE4B1B1938E16900BAFD33 /* AppDelegate.m in Sources */ = {isa = PBXBuildFile; fileRef = D0CE4B1A1938E16900BAFD33 /* AppDelegate.m */; };
		D0CE4B1E1938E16900BAFD33 /* Main.storyboard in Resources */ = {isa = PBXBuildFile; fileRef = D0CE4B1C1938E16900BAFD33 /* Main.storyboard */; };
		D0CE4B211938E16900BAFD33 /* ViewController.m in Sources */ = {isa = PBXBuildFile; fileRef = D0CE4B201938E16900BAFD33 /* ViewController.m */; };
		D0CE4B231938E16900BAFD33 /* Images.xcassets in Resources */ = {isa = PBXBuildFile; fileRef = D0CE4B221938E16900BAFD33 /* Images.xcassets */; };
		D0CE4B2A1938E16900BAFD33 /* XCTest.framework in Frameworks */ = {isa = PBXBuildFile; fileRef = D0CE4B291938E16900BAFD33 /* XCTest.framework */; };
		D0CE4B2B1938E16900BAFD33 /* Foundation.framework in Frameworks */ = {isa = PBXBuildFile; fileRef = D0CE4B0A1938E16900BAFD33 /* Foundation.framework */; };
		D0CE4B2C1938E16900BAFD33 /* UIKit.framework in Frameworks */ = {isa = PBXBuildFile; fileRef = D0CE4B0E1938E16900BAFD33 /* UIKit.framework */; };
		D0CE4B341938E16900BAFD33 /* InfoPlist.strings in Resources */ = {isa = PBXBuildFile; fileRef = D0CE4B321938E16900BAFD33 /* InfoPlist.strings */; };
		D0CE4B361938E16900BAFD33 /* NoAutoLayoutTests.m in Sources */ = {isa = PBXBuildFile; fileRef = D0CE4B351938E16900BAFD33 /* NoAutoLayoutTests.m */; };
/* End PBXBuildFile section */

/* Begin PBXContainerItemProxy section */
		D0CE4B2D1938E16900BAFD33 /* PBXContainerItemProxy */ = {
			isa = PBXContainerItemProxy;
			containerPortal = D0CE4AFF1938E16800BAFD33 /* Project object */;
			proxyType = 1;
			remoteGlobalIDString = D0CE4B061938E16800BAFD33;
			remoteInfo = NoAutoLayout;
		};
/* End PBXContainerItemProxy section */

/* Begin PBXFileReference section */
		D0CE4B071938E16900BAFD33 /* NoAutoLayout.app */ = {isa = PBXFileReference; explicitFileType = wrapper.application; includeInIndex = 0; path = NoAutoLayout.app; sourceTree = BUILT_PRODUCTS_DIR; };
		D0CE4B0A1938E16900BAFD33 /* Foundation.framework */ = {isa = PBXFileReference; lastKnownFileType = wrapper.framework; name = Foundation.framework; path = System/Library/Frameworks/Foundation.framework; sourceTree = SDKROOT; };
		D0CE4B0C1938E16900BAFD33 /* CoreGraphics.framework */ = {isa = PBXFileReference; lastKnownFileType = wrapper.framework; name = CoreGraphics.framework; path = System/Library/Frameworks/CoreGraphics.framework; sourceTree = SDKROOT; };
		D0CE4B0E1938E16900BAFD33 /* UIKit.framework */ = {isa = PBXFileReference; lastKnownFileType = wrapper.framework; name = UIKit.framework; path = System/Library/Frameworks/UIKit.framework; sourceTree = SDKROOT; };
		D0CE4B121938E16900BAFD33 /* NoAutoLayout-Info.plist */ = {isa = PBXFileReference; lastKnownFileType = text.plist.xml; path = "NoAutoLayout-Info.plist"; sourceTree = "<group>"; };
		D0CE4B141938E16900BAFD33 /* en */ = {isa = PBXFileReference; lastKnownFileType = text.plist.strings; name = en; path = en.lproj/InfoPlist.strings; sourceTree = "<group>"; };
		D0CE4B161938E16900BAFD33 /* main.m */ = {isa = PBXFileReference; lastKnownFileType = sourcecode.c.objc; path = main.m; sourceTree = "<group>"; };
		D0CE4B181938E16900BAFD33 /* NoAutoLayout-Prefix.pch */ = {isa = PBXFileReference; lastKnownFileType = sourcecode.c.h; path = "NoAutoLayout-Prefix.pch"; sourceTree = "<group>"; };
		D0CE4B191938E16900BAFD33 /* AppDelegate.h */ = {isa = PBXFileReference; lastKnownFileType = sourcecode.c.h; path = AppDelegate.h; sourceTree = "<group>"; };
		D0CE4B1A1938E16900BAFD33 /* AppDelegate.m */ = {isa = PBXFileReference; lastKnownFileType = sourcecode.c.objc; path = AppDelegate.m; sourceTree = "<group>"; };
		D0CE4B1D1938E16900BAFD33 /* Base */ = {isa = PBXFileReference; lastKnownFileType = file.storyboard; name = Base; path = Base.lproj/Main.storyboard; sourceTree = "<group>"; };
		D0CE4B1F1938E16900BAFD33 /* ViewController.h */ = {isa = PBXFileReference; lastKnownFileType = sourcecode.c.h; path = ViewController.h; sourceTree = "<group>"; };
		D0CE4B201938E16900BAFD33 /* ViewController.m */ = {isa = PBXFileReference; lastKnownFileType = sourcecode.c.objc; path = ViewController.m; sourceTree = "<group>"; };
		D0CE4B221938E16900BAFD33 /* Images.xcassets */ = {isa = PBXFileReference; lastKnownFileType = folder.assetcatalog; path = Images.xcassets; sourceTree = "<group>"; };
		D0CE4B281938E16900BAFD33 /* NoAutoLayoutTests.xctest */ = {isa = PBXFileReference; explicitFileType = wrapper.cfbundle; includeInIndex = 0; path = NoAutoLayoutTests.xctest; sourceTree = BUILT_PRODUCTS_DIR; };
		D0CE4B291938E16900BAFD33 /* XCTest.framework */ = {isa = PBXFileReference; lastKnownFileType = wrapper.framework; name = XCTest.framework; path = Library/Frameworks/XCTest.framework; sourceTree = DEVELOPER_DIR; };
		D0CE4B311938E16900BAFD33 /* NoAutoLayoutTests-Info.plist */ = {isa = PBXFileReference; lastKnownFileType = text.plist.xml; path = "NoAutoLayoutTests-Info.plist"; sourceTree = "<group>"; };
		D0CE4B331938E16900BAFD33 /* en */ = {isa = PBXFileReference; lastKnownFileType = text.plist.strings; name = en; path = en.lproj/InfoPlist.strings; sourceTree = "<group>"; };
		D0CE4B351938E16900BAFD33 /* NoAutoLayoutTests.m */ = {isa = PBXFileReference; lastKnownFileType = sourcecode.c.objc; path = NoAutoLayoutTests.m; sourceTree = "<group>"; };
/* End PBXFileReference section */

/* Begin PBXFrameworksBuildPhase section */
		D0CE4B041938E16800BAFD33 /* Frameworks */ = {
			isa = PBXFrameworksBuildPhase;
			buildActionMask = 2147483647;
			files = (
				D0CE4B0D1938E16900BAFD33 /* CoreGraphics.framework in Frameworks */,
				D0CE4B0F1938E16900BAFD33 /* UIKit.framework in Frameworks */,
				D0CE4B0B1938E16900BAFD33 /* Foundation.framework in Frameworks */,
			);
			runOnlyForDeploymentPostprocessing = 0;
		};
		D0CE4B251938E16900BAFD33 /* Frameworks */ = {
			isa = PBXFrameworksBuildPhase;
			buildActionMask = 2147483647;
			files = (
				D0CE4B2A1938E16900BAFD33 /* XCTest.framework in Frameworks */,
				D0CE4B2C1938E16900BAFD33 /* UIKit.framework in Frameworks */,
				D0CE4B2B1938E16900BAFD33 /* Foundation.framework in Frameworks */,
			);
			runOnlyForDeploymentPostprocessing = 0;
		};
/* End PBXFrameworksBuildPhase section */

/* Begin PBXGroup section */
		D0CE4AFE1938E16800BAFD33 = {
			isa = PBXGroup;
			children = (
				D0CE4B101938E16900BAFD33 /* NoAutoLayout */,
				D0CE4B2F1938E16900BAFD33 /* NoAutoLayoutTests */,
				D0CE4B091938E16900BAFD33 /* Frameworks */,
				D0CE4B081938E16900BAFD33 /* Products */,
			);
			sourceTree = "<group>";
		};
		D0CE4B081938E16900BAFD33 /* Products */ = {
			isa = PBXGroup;
			children = (
				D0CE4B071938E16900BAFD33 /* NoAutoLayout.app */,
				D0CE4B281938E16900BAFD33 /* NoAutoLayoutTests.xctest */,
			);
			name = Products;
			sourceTree = "<group>";
		};
		D0CE4B091938E16900BAFD33 /* Frameworks */ = {
			isa = PBXGroup;
			children = (
				D0CE4B0A1938E16900BAFD33 /* Foundation.framework */,
				D0CE4B0C1938E16900BAFD33 /* CoreGraphics.framework */,
				D0CE4B0E1938E16900BAFD33 /* UIKit.framework */,
				D0CE4B291938E16900BAFD33 /* XCTest.framework */,
			);
			name = Frameworks;
			sourceTree = "<group>";
		};
		D0CE4B101938E16900BAFD33 /* NoAutoLayout */ = {
			isa = PBXGroup;
			children = (
				D0CE4B191938E16900BAFD33 /* AppDelegate.h */,
				D0CE4B1A1938E16900BAFD33 /* AppDelegate.m */,
				D0CE4B1C1938E16900BAFD33 /* Main.storyboard */,
				D0CE4B1F1938E16900BAFD33 /* ViewController.h */,
				D0CE4B201938E16900BAFD33 /* ViewController.m */,
				D0CE4B221938E16900BAFD33 /* Images.xcassets */,
				D0CE4B111938E16900BAFD33 /* Supporting Files */,
			);
			path = NoAutoLayout;
			sourceTree = "<group>";
		};
		D0CE4B111938E16900BAFD33 /* Supporting Files */ = {
			isa = PBXGroup;
			children = (
				D0CE4B121938E16900BAFD33 /* NoAutoLayout-Info.plist */,
				D0CE4B131938E16900BAFD33 /* InfoPlist.strings */,
				D0CE4B161938E16900BAFD33 /* main.m */,
				D0CE4B181938E16900BAFD33 /* NoAutoLayout-Prefix.pch */,
			);
			name = "Supporting Files";
			sourceTree = "<group>";
		};
		D0CE4B2F1938E16900BAFD33 /* NoAutoLayoutTests */ = {
			isa = PBXGroup;
			children = (
				D0CE4B351938E16900BAFD33 /* NoAutoLayoutTests.m */,
				D0CE4B301938E16900BAFD33 /* Supporting Files */,
			);
			path = NoAutoLayoutTests;
			sourceTree = "<group>";
		};
		D0CE4B301938E16900BAFD33 /* Supporting Files */ = {
			isa = PBXGroup;
			children = (
				D0CE4B311938E16900BAFD33 /* NoAutoLayoutTests-Info.plist */,
				D0CE4B321938E16900BAFD33 /* InfoPlist.strings */,
			);
			name = "Supporting Files";
			sourceTree = "<group>";
		};
/* End PBXGroup section */

/* Begin PBXNativeTarget section */
		D0CE4B061938E16800BAFD33 /* NoAutoLayout */ = {
			isa = PBXNativeTarget;
			buildConfigurationList = D0CE4B391938E16900BAFD33 /* Build configuration list for PBXNativeTarget "NoAutoLayout" */;
			buildPhases = (
				D0CE4B031938E16800BAFD33 /* Sources */,
				D0CE4B041938E16800BAFD33 /* Frameworks */,
				D0CE4B051938E16800BAFD33 /* Resources */,
			);
			buildRules = (
			);
			dependencies = (
			);
			name = NoAutoLayout;
			productName = NoAutoLayout;
			productReference = D0CE4B071938E16900BAFD33 /* NoAutoLayout.app */;
			productType = "com.apple.product-type.application";
		};
		D0CE4B271938E16900BAFD33 /* NoAutoLayoutTests */ = {
			isa = PBXNativeTarget;
			buildConfigurationList = D0CE4B3C1938E16900BAFD33 /* Build configuration list for PBXNativeTarget "NoAutoLayoutTests" */;
			buildPhases = (
				D0CE4B241938E16900BAFD33 /* Sources */,
				D0CE4B251938E16900BAFD33 /* Frameworks */,
				D0CE4B261938E16900BAFD33 /* Resources */,
			);
			buildRules = (
			);
			dependencies = (
				D0CE4B2E1938E16900BAFD33 /* PBXTargetDependency */,
			);
			name = NoAutoLayoutTests;
			productName = NoAutoLayoutTests;
			productReference = D0CE4B281938E16900BAFD33 /* NoAutoLayoutTests.xctest */;
			productType = "com.apple.product-type.bundle.unit-test";
		};
/* End PBXNativeTarget section */

/* Begin PBXProject section */
		D0CE4AFF1938E16800BAFD33 /* Project object */ = {
			isa = PBXProject;
			attributes = {
				LastUpgradeCheck = 0510;
				ORGANIZATIONNAME = "Ryan Tiltz";
				TargetAttributes = {
					D0CE4B271938E16900BAFD33 = {
						TestTargetID = D0CE4B061938E16800BAFD33;
					};
				};
			};
			buildConfigurationList = D0CE4B021938E16800BAFD33 /* Build configuration list for PBXProject "NoAutoLayout" */;
			compatibilityVersion = "Xcode 3.2";
			developmentRegion = English;
			hasScannedForEncodings = 0;
			knownRegions = (
				en,
				Base,
			);
			mainGroup = D0CE4AFE1938E16800BAFD33;
			productRefGroup = D0CE4B081938E16900BAFD33 /* Products */;
			projectDirPath = "";
			projectRoot = "";
			targets = (
				D0CE4B061938E16800BAFD33 /* NoAutoLayout */,
				D0CE4B271938E16900BAFD33 /* NoAutoLayoutTests */,
			);
		};
/* End PBXProject section */

/* Begin PBXResourcesBuildPhase section */
		D0CE4B051938E16800BAFD33 /* Resources */ = {
			isa = PBXResourcesBuildPhase;
			buildActionMask = 2147483647;
			files = (
				D0CE4B231938E16900BAFD33 /* Images.xcassets in Resources */,
				D0CE4B151938E16900BAFD33 /* InfoPlist.strings in Resources */,
				D0CE4B1E1938E16900BAFD33 /* Main.storyboard in Resources */,
			);
			runOnlyForDeploymentPostprocessing = 0;
		};
		D0CE4B261938E16900BAFD33 /* Resources */ = {
			isa = PBXResourcesBuildPhase;
			buildActionMask = 2147483647;
			files = (
				D0CE4B341938E16900BAFD33 /* InfoPlist.strings in Resources */,
			);
			runOnlyForDeploymentPostprocessing = 0;
		};
/* End PBXResourcesBuildPhase section */

/* Begin PBXSourcesBuildPhase section */
		D0CE4B031938E16800BAFD33 /* Sources */ = {
			isa = PBXSourcesBuildPhase;
			buildActionMask = 2147483647;
			files = (
				D0CE4B211938E16900BAFD33 /* ViewController.m in Sources */,
				D0CE4B1B1938E16900BAFD33 /* AppDelegate.m in Sources */,
				D0CE4B171938E16900BAFD33 /* main.m in Sources */,
			);
			runOnlyForDeploymentPostprocessing = 0;
		};
		D0CE4B241938E16900BAFD33 /* Sources */ = {
			isa = PBXSourcesBuildPhase;
			buildActionMask = 2147483647;
			files = (
				D0CE4B361938E16900BAFD33 /* NoAutoLayoutTests.m in Sources */,
			);
			runOnlyForDeploymentPostprocessing = 0;
		};
/* End PBXSourcesBuildPhase section */

/* Begin PBXTargetDependency section */
		D0CE4B2E1938E16900BAFD33 /* PBXTargetDependency */ = {
			isa = PBXTargetDependency;
			target = D0CE4B061938E16800BAFD33 /* NoAutoLayout */;
			targetProxy = D0CE4B2D1938E16900BAFD33 /* PBXContainerItemProxy */;
		};
/* End PBXTargetDependency section */

/* Begin PBXVariantGroup section */
		D0CE4B131938E16900BAFD33 /* InfoPlist.strings */ = {
			isa = PBXVariantGroup;
			children = (
				D0CE4B141938E16900BAFD33 /* en */,
			);
			name = InfoPlist.strings;
			sourceTree = "<group>";
		};
		D0CE4B1C1938E16900BAFD33 /* Main.storyboard */ = {
			isa = PBXVariantGroup;
			children = (
				D0CE4B1D1938E16900BAFD33 /* Base */,
			);
			name = Main.storyboard;
			sourceTree = "<group>";
		};
		D0CE4B321938E16900BAFD33 /* InfoPlist.strings */ = {
			isa = PBXVariantGroup;
			children = (
				D0CE4B331938E16900BAFD33 /* en */,
			);
			name = InfoPlist.strings;
			sourceTree = "<group>";
		};
/* End PBXVariantGroup section */

/* Begin XCBuildConfiguration section */
		D0CE4B371938E16900BAFD33 /* Debug */ = {
			isa = XCBuildConfiguration;
			buildSettings = {
				ALWAYS_SEARCH_USER_PATHS = NO;
				CLANG_CXX_LANGUAGE_STANDARD = "gnu++0x";
				CLANG_CXX_LIBRARY = "libc++";
				CLANG_ENABLE_MODULES = YES;
				CLANG_ENABLE_OBJC_ARC = YES;
				CLANG_WARN_BOOL_CONVERSION = YES;
				CLANG_WARN_CONSTANT_CONVERSION = YES;
				CLANG_WARN_DIRECT_OBJC_ISA_USAGE = YES_ERROR;
				CLANG_WARN_EMPTY_BODY = YES;
				CLANG_WARN_ENUM_CONVERSION = YES;
				CLANG_WARN_INT_CONVERSION = YES;
				CLANG_WARN_OBJC_ROOT_CLASS = YES_ERROR;
				CLANG_WARN__DUPLICATE_METHOD_MATCH = YES;
				"CODE_SIGN_IDENTITY[sdk=iphoneos*]" = "iPhone Developer";
				COPY_PHASE_STRIP = NO;
				GCC_C_LANGUAGE_STANDARD = gnu99;
				GCC_DYNAMIC_NO_PIC = NO;
				GCC_OPTIMIZATION_LEVEL = 0;
				GCC_PREPROCESSOR_DEFINITIONS = (
					"DEBUG=1",
					"$(inherited)",
				);
				GCC_SYMBOLS_PRIVATE_EXTERN = NO;
				GCC_WARN_64_TO_32_BIT_CONVERSION = YES;
				GCC_WARN_ABOUT_RETURN_TYPE = YES_ERROR;
				GCC_WARN_UNDECLARED_SELECTOR = YES;
				GCC_WARN_UNINITIALIZED_AUTOS = YES_AGGRESSIVE;
				GCC_WARN_UNUSED_FUNCTION = YES;
				GCC_WARN_UNUSED_VARIABLE = YES;
				IPHONEOS_DEPLOYMENT_TARGET = 7.1;
				ONLY_ACTIVE_ARCH = YES;
				SDKROOT = iphoneos;
			};
			name = Debug;
		};
		D0CE4B381938E16900BAFD33 /* Release */ = {
			isa = XCBuildConfiguration;
			buildSettings = {
				ALWAYS_SEARCH_USER_PATHS = NO;
				CLANG_CXX_LANGUAGE_STANDARD = "gnu++0x";
				CLANG_CXX_LIBRARY = "libc++";
				CLANG_ENABLE_MODULES = YES;
				CLANG_ENABLE_OBJC_ARC = YES;
				CLANG_WARN_BOOL_CONVERSION = YES;
				CLANG_WARN_CONSTANT_CONVERSION = YES;
				CLANG_WARN_DIRECT_OBJC_ISA_USAGE = YES_ERROR;
				CLANG_WARN_EMPTY_BODY = YES;
				CLANG_WARN_ENUM_CONVERSION = YES;
				CLANG_WARN_INT_CONVERSION = YES;
				CLANG_WARN_OBJC_ROOT_CLASS = YES_ERROR;
				CLANG_WARN__DUPLICATE_METHOD_MATCH = YES;
				"CODE_SIGN_IDENTITY[sdk=iphoneos*]" = "iPhone Developer";
				COPY_PHASE_STRIP = YES;
				ENABLE_NS_ASSERTIONS = NO;
				GCC_C_LANGUAGE_STANDARD = gnu99;
				GCC_WARN_64_TO_32_BIT_CONVERSION = YES;
				GCC_WARN_ABOUT_RETURN_TYPE = YES_ERROR;
				GCC_WARN_UNDECLARED_SELECTOR = YES;
				GCC_WARN_UNINITIALIZED_AUTOS = YES_AGGRESSIVE;
				GCC_WARN_UNUSED_FUNCTION = YES;
				GCC_WARN_UNUSED_VARIABLE = YES;
				IPHONEOS_DEPLOYMENT_TARGET = 7.1;
				SDKROOT = iphoneos;
				VALIDATE_PRODUCT = YES;
			};
			name = Release;
		};
		D0CE4B3A1938E16900BAFD33 /* Debug */ = {
			isa = XCBuildConfiguration;
			buildSettings = {
				ASSETCATALOG_COMPILER_APPICON_NAME = AppIcon;
				ASSETCATALOG_COMPILER_LAUNCHIMAGE_NAME = LaunchImage;
				GCC_PRECOMPILE_PREFIX_HEADER = YES;
				GCC_PREFIX_HEADER = "NoAutoLayout/NoAutoLayout-Prefix.pch";
				INFOPLIST_FILE = "NoAutoLayout/NoAutoLayout-Info.plist";
				PRODUCT_NAME = "$(TARGET_NAME)";
				WRAPPER_EXTENSION = app;
			};
			name = Debug;
		};
		D0CE4B3B1938E16900BAFD33 /* Release */ = {
			isa = XCBuildConfiguration;
			buildSettings = {
				ASSETCATALOG_COMPILER_APPICON_NAME = AppIcon;
				ASSETCATALOG_COMPILER_LAUNCHIMAGE_NAME = LaunchImage;
				GCC_PRECOMPILE_PREFIX_HEADER = YES;
				GCC_PREFIX_HEADER = "NoAutoLayout/NoAutoLayout-Prefix.pch";
				INFOPLIST_FILE = "NoAutoLayout/NoAutoLayout-Info.plist";
				PRODUCT_NAME = "$(TARGET_NAME)";
				WRAPPER_EXTENSION = app;
			};
			name = Release;
		};
		D0CE4B3D1938E16900BAFD33 /* Debug */ = {
			isa = XCBuildConfiguration;
			buildSettings = {
				BUNDLE_LOADER = "$(BUILT_PRODUCTS_DIR)/NoAutoLayout.app/NoAutoLayout";
				FRAMEWORK_SEARCH_PATHS = (
					"$(SDKROOT)/Developer/Library/Frameworks",
					"$(inherited)",
					"$(DEVELOPER_FRAMEWORKS_DIR)",
				);
				GCC_PRECOMPILE_PREFIX_HEADER = YES;
				GCC_PREFIX_HEADER = "NoAutoLayout/NoAutoLayout-Prefix.pch";
				GCC_PREPROCESSOR_DEFINITIONS = (
					"DEBUG=1",
					"$(inherited)",
				);
				INFOPLIST_FILE = "NoAutoLayoutTests/NoAutoLayoutTests-Info.plist";
				PRODUCT_NAME = "$(TARGET_NAME)";
				TEST_HOST = "$(BUNDLE_LOADER)";
				WRAPPER_EXTENSION = xctest;
			};
			name = Debug;
		};
		D0CE4B3E1938E16900BAFD33 /* Release */ = {
			isa = XCBuildConfiguration;
			buildSettings = {
				BUNDLE_LOADER = "$(BUILT_PRODUCTS_DIR)/NoAutoLayout.app/NoAutoLayout";
				FRAMEWORK_SEARCH_PATHS = (
					"$(SDKROOT)/Developer/Library/Frameworks",
					"$(inherited)",
					"$(DEVELOPER_FRAMEWORKS_DIR)",
				);
				GCC_PRECOMPILE_PREFIX_HEADER = YES;
				GCC_PREFIX_HEADER = "NoAutoLayout/NoAutoLayout-Prefix.pch";
				INFOPLIST_FILE = "NoAutoLayoutTests/NoAutoLayoutTests-Info.plist";
				PRODUCT_NAME = "$(TARGET_NAME)";
				TEST_HOST = "$(BUNDLE_LOADER)";
				WRAPPER_EXTENSION = xctest;
			};
			name = Release;
		};
/* End XCBuildConfiguration section */

/* Begin XCConfigurationList section */
		D0CE4B021938E16800BAFD33 /* Build configuration list for PBXProject "NoAutoLayout" */ = {
			isa = XCConfigurationList;
			buildConfigurations = (
				D0CE4B371938E16900BAFD33 /* Debug */,
				D0CE4B381938E16900BAFD33 /* Release */,
			);
			defaultConfigurationIsVisible = 0;
			defaultConfigurationName = Release;
		};
		D0CE4B391938E16900BAFD33 /* Build configuration list for PBXNativeTarget "NoAutoLayout" */ = {
			isa = XCConfigurationList;
			buildConfigurations = (
				D0CE4B3A1938E16900BAFD33 /* Debug */,
				D0CE4B3B1938E16900BAFD33 /* Release */,
			);
			defaultConfigurationIsVisible = 0;
		};
		D0CE4B3C1938E16900BAFD33 /* Build configuration list for PBXNativeTarget "NoAutoLayoutTests" */ = {
			isa = XCConfigurationList;
			buildConfigurations = (
				D0CE4B3D1938E16900BAFD33 /* Debug */,
				D0CE4B3E1938E16900BAFD33 /* Release */,
			);
			defaultConfigurationIsVisible = 0;
		};
/* End XCConfigurationList section */
	};
	rootObject = D0CE4AFF1938E16800BAFD33 /* Project object */;
}
